
Microsoft Visual Studio Solution File, Format Version 12.00
# Visual Studio Version 17
VisualStudioVersion = 17.14.36202.13
MinimumVisualStudioVersion = 10.0.40219.1
Project("{FAE04EC0-301F-11D3-BF4B-00C04F79EFBC}") = "FactoryMethod", "FactoryMethod\FactoryMethod.csproj", "{02878820-82AC-43A7-8E28-D1CD5FAB4D58}"
EndProject
Project("{FAE04EC0-301F-11D3-BF4B-00C04F79EFBC}") = "Builder", "Builder\Builder.csproj", "{37F4DB86-CB28-4FEA-A60D-884F0070A5CB}"
EndProject
Global
	GlobalSection(SolutionConfigurationPlatforms) = preSolution
		Debug|Any CPU = Debug|Any CPU
		Release|Any CPU = Release|Any CPU
	EndGlobalSection
	GlobalSection(ProjectConfigurationPlatforms) = postSolution
		{02878820-82AC-43A7-8E28-D1CD5FAB4D58}.Debug|Any CPU.ActiveCfg = Debug|Any CPU
		{02878820-82AC-43A7-8E28-D1CD5FAB4D58}.Debug|Any CPU.Build.0 = Debug|Any CPU
		{02878820-82AC-43A7-8E28-D1CD5FAB4D58}.Release|Any CPU.ActiveCfg = Release|Any CPU
		{02878820-82AC-43A7-8E28-D1CD5FAB4D58}.Release|Any CPU.Build.0 = Release|Any CPU
		{37F4DB86-CB28-4FEA-A60D-884F0070A5CB}.Debug|Any CPU.ActiveCfg = Debug|Any CPU
		{37F4DB86-CB28-4FEA-A60D-884F0070A5CB}.Debug|Any CPU.Build.0 = Debug|Any CPU
		{37F4DB86-CB28-4FEA-A60D-884F0070A5CB}.Release|Any CPU.ActiveCfg = Release|Any CPU
		{37F4DB86-CB28-4FEA-A60D-884F0070A5CB}.Release|Any CPU.Build.0 = Release|Any CPU
	EndGlobalSection
	GlobalSection(SolutionProperties) = preSolution
		HideSolutionNode = FALSE
	EndGlobalSection
	GlobalSection(ExtensibilityGlobals) = postSolution
		SolutionGuid = {831363C8-4439-4060-AF5E-9E08DA457460}
	EndGlobalSection
EndGlobal
